// !$*UTF8*$!
{
	archiveVersion = 1;
	classes = {
	};
	objectVersion = 46;
	objects = {

/* Begin PBXBuildFile section */
		BC9CE3051BD765440007CF13 /* main.m in Sources */ = {isa = PBXBuildFile; fileRef = BC9CE3041BD765440007CF13 /* main.m */; };
		BC9CE3081BD765440007CF13 /* AppDelegate.m in Sources */ = {isa = PBXBuildFile; fileRef = BC9CE3071BD765440007CF13 /* AppDelegate.m */; };
		BC9CE30B1BD765440007CF13 /* ViewController.m in Sources */ = {isa = PBXBuildFile; fileRef = BC9CE30A1BD765440007CF13 /* ViewController.m */; };
		BC9CE30E1BD765440007CF13 /* Main.storyboard in Resources */ = {isa = PBXBuildFile; fileRef = BC9CE30C1BD765440007CF13 /* Main.storyboard */; };
		BC9CE3101BD765450007CF13 /* Images.xcassets in Resources */ = {isa = PBXBuildFile; fileRef = BC9CE30F1BD765450007CF13 /* Images.xcassets */; };
		BC9CE3131BD765450007CF13 /* LaunchScreen.xib in Resources */ = {isa = PBXBuildFile; fileRef = BC9CE3111BD765450007CF13 /* LaunchScreen.xib */; };
		BC9CE31F1BD765450007CF13 /* TripLovelyTests.m in Sources */ = {isa = PBXBuildFile; fileRef = BC9CE31E1BD765450007CF13 /* TripLovelyTests.m */; };
/* End PBXBuildFile section */

/* Begin PBXContainerItemProxy section */
		BC9CE3191BD765450007CF13 /* PBXContainerItemProxy */ = {
			isa = PBXContainerItemProxy;
			containerPortal = BC9CE2F71BD765440007CF13 /* Project object */;
			proxyType = 1;
			remoteGlobalIDString = BC9CE2FE1BD765440007CF13;
			remoteInfo = TripLovely;
		};
/* End PBXContainerItemProxy section */

/* Begin PBXFileReference section */
		BC9CE2FF1BD765440007CF13 /* TripLovely.app */ = {isa = PBXFileReference; explicitFileType = wrapper.application; includeInIndex = 0; path = TripLovely.app; sourceTree = BUILT_PRODUCTS_DIR; };
		BC9CE3031BD765440007CF13 /* Info.plist */ = {isa = PBXFileReference; lastKnownFileType = text.plist.xml; path = Info.plist; sourceTree = "<group>"; };
		BC9CE3041BD765440007CF13 /* main.m */ = {isa = PBXFileReference; lastKnownFileType = sourcecode.c.objc; path = main.m; sourceTree = "<group>"; };
		BC9CE3061BD765440007CF13 /* AppDelegate.h */ = {isa = PBXFileReference; lastKnownFileType = sourcecode.c.h; path = AppDelegate.h; sourceTree = "<group>"; };
		BC9CE3071BD765440007CF13 /* AppDelegate.m */ = {isa = PBXFileReference; lastKnownFileType = sourcecode.c.objc; path = AppDelegate.m; sourceTree = "<group>"; };
		BC9CE3091BD765440007CF13 /* ViewController.h */ = {isa = PBXFileReference; lastKnownFileType = sourcecode.c.h; path = ViewController.h; sourceTree = "<group>"; };
		BC9CE30A1BD765440007CF13 /* ViewController.m */ = {isa = PBXFileReference; lastKnownFileType = sourcecode.c.objc; path = ViewController.m; sourceTree = "<group>"; };
		BC9CE30D1BD765440007CF13 /* Base */ = {isa = PBXFileReference; lastKnownFileType = file.storyboard; name = Base; path = Base.lproj/Main.storyboard; sourceTree = "<group>"; };
		BC9CE30F1BD765450007CF13 /* Images.xcassets */ = {isa = PBXFileReference; lastKnownFileType = folder.assetcatalog; path = Images.xcassets; sourceTree = "<group>"; };
		BC9CE3121BD765450007CF13 /* Base */ = {isa = PBXFileReference; lastKnownFileType = file.xib; name = Base; path = Base.lproj/LaunchScreen.xib; sourceTree = "<group>"; };
		BC9CE3181BD765450007CF13 /* TripLovelyTests.xctest */ = {isa = PBXFileReference; explicitFileType = wrapper.cfbundle; includeInIndex = 0; path = TripLovelyTests.xctest; sourceTree = BUILT_PRODUCTS_DIR; };
		BC9CE31D1BD765450007CF13 /* Info.plist */ = {isa = PBXFileReference; lastKnownFileType = text.plist.xml; path = Info.plist; sourceTree = "<group>"; };
		BC9CE31E1BD765450007CF13 /* TripLovelyTests.m */ = {isa = PBXFileReference; lastKnownFileType = sourcecode.c.objc; path = TripLovelyTests.m; sourceTree = "<group>"; };
/* End PBXFileReference section */

/* Begin PBXFrameworksBuildPhase section */
		BC9CE2FC1BD765440007CF13 /* Frameworks */ = {
			isa = PBXFrameworksBuildPhase;
			buildActionMask = 2147483647;
			files = (
			);
			runOnlyForDeploymentPostprocessing = 0;
		};
		BC9CE3151BD765450007CF13 /* Frameworks */ = {
			isa = PBXFrameworksBuildPhase;
			buildActionMask = 2147483647;
			files = (
			);
			runOnlyForDeploymentPostprocessing = 0;
		};
/* End PBXFrameworksBuildPhase section */

/* Begin PBXGroup section */
		BC9CE2F61BD765440007CF13 = {
			isa = PBXGroup;
			children = (
				BC9CE3011BD765440007CF13 /* TripLovely */,
				BC9CE31B1BD765450007CF13 /* TripLovelyTests */,
				BC9CE3001BD765440007CF13 /* Products */,
			);
			sourceTree = "<group>";
		};
		BC9CE3001BD765440007CF13 /* Products */ = {
			isa = PBXGroup;
			children = (
				BC9CE2FF1BD765440007CF13 /* TripLovely.app */,
				BC9CE3181BD765450007CF13 /* TripLovelyTests.xctest */,
			);
			name = Products;
			sourceTree = "<group>";
		};
		BC9CE3011BD765440007CF13 /* TripLovely */ = {
			isa = PBXGroup;
			children = (
				BC9CE3061BD765440007CF13 /* AppDelegate.h */,
				BC9CE3071BD765440007CF13 /* AppDelegate.m */,
				BC9CE3091BD765440007CF13 /* ViewController.h */,
				BC9CE30A1BD765440007CF13 /* ViewController.m */,
				BC9CE30C1BD765440007CF13 /* Main.storyboard */,
				BC9CE30F1BD765450007CF13 /* Images.xcassets */,
				BC9CE3111BD765450007CF13 /* LaunchScreen.xib */,
				BC9CE3021BD765440007CF13 /* Supporting Files */,
			);
			path = TripLovely;
			sourceTree = "<group>";
		};
		BC9CE3021BD765440007CF13 /* Supporting Files */ = {
			isa = PBXGroup;
			children = (
				BC9CE3031BD765440007CF13 /* Info.plist */,
				BC9CE3041BD765440007CF13 /* main.m */,
			);
			name = "Supporting Files";
			sourceTree = "<group>";
		};
		BC9CE31B1BD765450007CF13 /* TripLovelyTests */ = {
			isa = PBXGroup;
			children = (
				BC9CE31E1BD765450007CF13 /* TripLovelyTests.m */,
				BC9CE31C1BD765450007CF13 /* Supporting Files */,
			);
			path = TripLovelyTests;
			sourceTree = "<group>";
		};
		BC9CE31C1BD765450007CF13 /* Supporting Files */ = {
			isa = PBXGroup;
			children = (
				BC9CE31D1BD765450007CF13 /* Info.plist */,
			);
			name = "Supporting Files";
			sourceTree = "<group>";
		};
/* End PBXGroup section */

/* Begin PBXNativeTarget section */
		BC9CE2FE1BD765440007CF13 /* TripLovely */ = {
			isa = PBXNativeTarget;
			buildConfigurationList = BC9CE3221BD765450007CF13 /* Build configuration list for PBXNativeTarget "TripLovely" */;
			buildPhases = (
				BC9CE2FB1BD765440007CF13 /* Sources */,
				BC9CE2FC1BD765440007CF13 /* Frameworks */,
				BC9CE2FD1BD765440007CF13 /* Resources */,
			);
			buildRules = (
			);
			dependencies = (
			);
			name = TripLovely;
			productName = TripLovely;
			productReference = BC9CE2FF1BD765440007CF13 /* TripLovely.app */;
			productType = "com.apple.product-type.application";
		};
		BC9CE3171BD765450007CF13 /* TripLovelyTests */ = {
			isa = PBXNativeTarget;
			buildConfigurationList = BC9CE3251BD765450007CF13 /* Build configuration list for PBXNativeTarget "TripLovelyTests" */;
			buildPhases = (
				BC9CE3141BD765450007CF13 /* Sources */,
				BC9CE3151BD765450007CF13 /* Frameworks */,
				BC9CE3161BD765450007CF13 /* Resources */,
			);
			buildRules = (
			);
			dependencies = (
				BC9CE31A1BD765450007CF13 /* PBXTargetDependency */,
			);
			name = TripLovelyTests;
			productName = TripLovelyTests;
			productReference = BC9CE3181BD765450007CF13 /* TripLovelyTests.xctest */;
			productType = "com.apple.product-type.bundle.unit-test";
		};
/* End PBXNativeTarget section */

/* Begin PBXProject section */
		BC9CE2F71BD765440007CF13 /* Project object */ = {
			isa = PBXProject;
			attributes = {
				LastUpgradeCheck = 0630;
				ORGANIZATIONNAME = abc;
				TargetAttributes = {
					BC9CE2FE1BD765440007CF13 = {
						CreatedOnToolsVersion = 6.3;
					};
					BC9CE3171BD765450007CF13 = {
						CreatedOnToolsVersion = 6.3;
						TestTargetID = BC9CE2FE1BD765440007CF13;
					};
				};
			};
			buildConfigurationList = BC9CE2FA1BD765440007CF13 /* Build configuration list for PBXProject "TripLovely" */;
			compatibilityVersion = "Xcode 3.2";
			developmentRegion = English;
			hasScannedForEncodings = 0;
			knownRegions = (
				en,
				Base,
			);
			mainGroup = BC9CE2F61BD765440007CF13;
			productRefGroup = BC9CE3001BD765440007CF13 /* Products */;
			projectDirPath = "";
			projectRoot = "";
			targets = (
				BC9CE2FE1BD765440007CF13 /* TripLovely */,
				BC9CE3171BD765450007CF13 /* TripLovelyTests */,
			);
		};
/* End PBXProject section */

/* Begin PBXResourcesBuildPhase section */
		BC9CE2FD1BD765440007CF13 /* Resources */ = {
			isa = PBXResourcesBuildPhase;
			buildActionMask = 2147483647;
			files = (
				BC9CE30E1BD765440007CF13 /* Main.storyboard in Resources */,
				BC9CE3131BD765450007CF13 /* LaunchScreen.xib in Resources */,
				BC9CE3101BD765450007CF13 /* Images.xcassets in Resources */,
			);
			runOnlyForDeploymentPostprocessing = 0;
		};
		BC9CE3161BD765450007CF13 /* Resources */ = {
			isa = PBXResourcesBuildPhase;
			buildActionMask = 2147483647;
			files = (
			);
			runOnlyForDeploymentPostprocessing = 0;
		};
/* End PBXResourcesBuildPhase section */

/* Begin PBXSourcesBuildPhase section */
		BC9CE2FB1BD765440007CF13 /* Sources */ = {
			isa = PBXSourcesBuildPhase;
			buildActionMask = 2147483647;
			files = (
				BC9CE30B1BD765440007CF13 /* ViewController.m in Sources */,
				BC9CE3081BD765440007CF13 /* AppDelegate.m in Sources */,
				BC9CE3051BD765440007CF13 /* main.m in Sources */,
			);
			runOnlyForDeploymentPostprocessing = 0;
		};
		BC9CE3141BD765450007CF13 /* Sources */ = {
			isa = PBXSourcesBuildPhase;
			buildActionMask = 2147483647;
			files = (
				BC9CE31F1BD765450007CF13 /* TripLovelyTests.m in Sources */,
			);
			runOnlyForDeploymentPostprocessing = 0;
		};
/* End PBXSourcesBuildPhase section */

/* Begin PBXTargetDependency section */
		BC9CE31A1BD765450007CF13 /* PBXTargetDependency */ = {
			isa = PBXTargetDependency;
			target = BC9CE2FE1BD765440007CF13 /* TripLovely */;
			targetProxy = BC9CE3191BD765450007CF13 /* PBXContainerItemProxy */;
		};
/* End PBXTargetDependency section */

/* Begin PBXVariantGroup section */
		BC9CE30C1BD765440007CF13 /* Main.storyboard */ = {
			isa = PBXVariantGroup;
			children = (
				BC9CE30D1BD765440007CF13 /* Base */,
			);
			name = Main.storyboard;
			sourceTree = "<group>";
		};
		BC9CE3111BD765450007CF13 /* LaunchScreen.xib */ = {
			isa = PBXVariantGroup;
			children = (
				BC9CE3121BD765450007CF13 /* Base */,
			);
			name = LaunchScreen.xib;
			sourceTree = "<group>";
		};
/* End PBXVariantGroup section */

/* Begin XCBuildConfiguration section */
		BC9CE3201BD765450007CF13 /* Debug */ = {
			isa = XCBuildConfiguration;
			buildSettings = {
				ALWAYS_SEARCH_USER_PATHS = NO;
				CLANG_CXX_LANGUAGE_STANDARD = "gnu++0x";
				CLANG_CXX_LIBRARY = "libc++";
				CLANG_ENABLE_MODULES = YES;
				CLANG_ENABLE_OBJC_ARC = YES;
				CLANG_WARN_BOOL_CONVERSION = YES;
				CLANG_WARN_CONSTANT_CONVERSION = YES;
				CLANG_WARN_DIRECT_OBJC_ISA_USAGE = YES_ERROR;
				CLANG_WARN_EMPTY_BODY = YES;
				CLANG_WARN_ENUM_CONVERSION = YES;
				CLANG_WARN_INT_CONVERSION = YES;
				CLANG_WARN_OBJC_ROOT_CLASS = YES_ERROR;
				CLANG_WARN_UNREACHABLE_CODE = YES;
				CLANG_WARN__DUPLICATE_METHOD_MATCH = YES;
				"CODE_SIGN_IDENTITY[sdk=iphoneos*]" = "iPhone Developer";
				COPY_PHASE_STRIP = NO;
				DEBUG_INFORMATION_FORMAT = "dwarf-with-dsym";
				ENABLE_STRICT_OBJC_MSGSEND = YES;
				GCC_C_LANGUAGE_STANDARD = gnu99;
				GCC_DYNAMIC_NO_PIC = NO;
				GCC_NO_COMMON_BLOCKS = YES;
				GCC_OPTIMIZATION_LEVEL = 0;
				GCC_PREPROCESSOR_DEFINITIONS = (
					"DEBUG=1",
					"$(inherited)",
				);
				GCC_SYMBOLS_PRIVATE_EXTERN = NO;
				GCC_WARN_64_TO_32_BIT_CONVERSION = YES;
				GCC_WARN_ABOUT_RETURN_TYPE = YES_ERROR;
				GCC_WARN_UNDECLARED_SELECTOR = YES;
				GCC_WARN_UNINITIALIZED_AUTOS = YES_AGGRESSIVE;
				GCC_WARN_UNUSED_FUNCTION = YES;
				GCC_WARN_UNUSED_VARIABLE = YES;
				IPHONEOS_DEPLOYMENT_TARGET = 8.3;
				MTL_ENABLE_DEBUG_INFO = YES;
				ONLY_ACTIVE_ARCH = YES;
				SDKROOT = iphoneos;
			};
			name = Debug;
		};
		BC9CE3211BD765450007CF13 /* Release */ = {
			isa = XCBuildConfiguration;
			buildSettings = {
				ALWAYS_SEARCH_USER_PATHS = NO;
				CLANG_CXX_LANGUAGE_STANDARD = "gnu++0x";
				CLANG_CXX_LIBRARY = "libc++";
				CLANG_ENABLE_MODULES = YES;
				CLANG_ENABLE_OBJC_ARC = YES;
				CLANG_WARN_BOOL_CONVERSION = YES;
				CLANG_WARN_CONSTANT_CONVERSION = YES;
				CLANG_WARN_DIRECT_OBJC_ISA_USAGE = YES_ERROR;
				CLANG_WARN_EMPTY_BODY = YES;
				CLANG_WARN_ENUM_CONVERSION = YES;
				CLANG_WARN_INT_CONVERSION = YES;
				CLANG_WARN_OBJC_ROOT_CLASS = YES_ERROR;
				CLANG_WARN_UNREACHABLE_CODE = YES;
				CLANG_WARN__DUPLICATE_METHOD_MATCH = YES;
				"CODE_SIGN_IDENTITY[sdk=iphoneos*]" = "iPhone Developer";
				COPY_PHASE_STRIP = NO;
				DEBUG_INFORMATION_FORMAT = "dwarf-with-dsym";
				ENABLE_NS_ASSERTIONS = NO;
				ENABLE_STRICT_OBJC_MSGSEND = YES;
				GCC_C_LANGUAGE_STANDARD = gnu99;
				GCC_NO_COMMON_BLOCKS = YES;
				GCC_WARN_64_TO_32_BIT_CONVERSION = YES;
				GCC_WARN_ABOUT_RETURN_TYPE = YES_ERROR;
				GCC_WARN_UNDECLARED_SELECTOR = YES;
				GCC_WARN_UNINITIALIZED_AUTOS = YES_AGGRESSIVE;
				GCC_WARN_UNUSED_FUNCTION = YES;
				GCC_WARN_UNUSED_VARIABLE = YES;
				IPHONEOS_DEPLOYMENT_TARGET = 8.3;
				MTL_ENABLE_DEBUG_INFO = NO;
				SDKROOT = iphoneos;
				VALIDATE_PRODUCT = YES;
			};
			name = Release;
		};
		BC9CE3231BD765450007CF13 /* Debug */ = {
			isa = XCBuildConfiguration;
			buildSettings = {
				ASSETCATALOG_COMPILER_APPICON_NAME = AppIcon;
				INFOPLIST_FILE = TripLovely/Info.plist;
				LD_RUNPATH_SEARCH_PATHS = "$(inherited) @executable_path/Frameworks";
				PRODUCT_NAME = "$(TARGET_NAME)";
			};
			name = Debug;
		};
		BC9CE3241BD765450007CF13 /* Release */ = {
			isa = XCBuildConfiguration;
			buildSettings = {
				ASSETCATALOG_COMPILER_APPICON_NAME = AppIcon;
				INFOPLIST_FILE = TripLovely/Info.plist;
				LD_RUNPATH_SEARCH_PATHS = "$(inherited) @executable_path/Frameworks";
				PRODUCT_NAME = "$(TARGET_NAME)";
			};
			name = Release;
		};
		BC9CE3261BD765450007CF13 /* Debug */ = {
			isa = XCBuildConfiguration;
			buildSettings = {
				BUNDLE_LOADER = "$(TEST_HOST)";
				FRAMEWORK_SEARCH_PATHS = (
					"$(SDKROOT)/Developer/Library/Frameworks",
					"$(inherited)",
				);
				GCC_PREPROCESSOR_DEFINITIONS = (
					"DEBUG=1",
					"$(inherited)",
				);
				INFOPLIST_FILE = TripLovelyTests/Info.plist;
				LD_RUNPATH_SEARCH_PATHS = "$(inherited) @executable_path/Frameworks @loader_path/Frameworks";
				PRODUCT_NAME = "$(TARGET_NAME)";
				TEST_HOST = "$(BUILT_PRODUCTS_DIR)/TripLovely.app/TripLovely";
			};
			name = Debug;
		};
		BC9CE3271BD765450007CF13 /* Release */ = {
			isa = XCBuildConfiguration;
			buildSettings = {
				BUNDLE_LOADER = "$(TEST_HOST)";
				FRAMEWORK_SEARCH_PATHS = (
					"$(SDKROOT)/Developer/Library/Frameworks",
					"$(inherited)",
				);
				INFOPLIST_FILE = TripLovelyTests/Info.plist;
				LD_RUNPATH_SEARCH_PATHS = "$(inherited) @executable_path/Frameworks @loader_path/Frameworks";
				PRODUCT_NAME = "$(TARGET_NAME)";
				TEST_HOST = "$(BUILT_PRODUCTS_DIR)/TripLovely.app/TripLovely";
			};
			name = Release;
		};
/* End XCBuildConfiguration section */

/* Begin XCConfigurationList section */
		BC9CE2FA1BD765440007CF13 /* Build configuration list for PBXProject "TripLovely" */ = {
			isa = XCConfigurationList;
			buildConfigurations = (
				BC9CE3201BD765450007CF13 /* Debug */,
				BC9CE3211BD765450007CF13 /* Release */,
			);
			defaultConfigurationIsVisible = 0;
			defaultConfigurationName = Release;
		};
		BC9CE3221BD765450007CF13 /* Build configuration list for PBXNativeTarget "TripLovely" */ = {
			isa = XCConfigurationList;
			buildConfigurations = (
				BC9CE3231BD765450007CF13 /* Debug */,
				BC9CE3241BD765450007CF13 /* Release */,
			);
			defaultConfigurationIsVisible = 0;
		};
		BC9CE3251BD765450007CF13 /* Build configuration list for PBXNativeTarget "TripLovelyTests" */ = {
			isa = XCConfigurationList;
			buildConfigurations = (
				BC9CE3261BD765450007CF13 /* Debug */,
				BC9CE3271BD765450007CF13 /* Release */,
			);
			defaultConfigurationIsVisible = 0;
		};
/* End XCConfigurationList section */
	};
	rootObject = BC9CE2F71BD765440007CF13 /* Project object */;
}
